
Microsoft Visual Studio Solution File, Format Version 12.00
# Visual Studio 15
VisualStudioVersion = 15.0.28307.106
MinimumVisualStudioVersion = 10.0.40219.1
Project("{159641D6-6404-4A2A-AE62-294DE0FE8301}") = "ForLoops", "ForLoops\ForLoops.dtproj", "{C56BE524-CC22-49E2-9BFE-6C749B3DC4E0}"
EndProject
Global
	GlobalSection(SolutionConfigurationPlatforms) = preSolution
		Development|Default = Development|Default
	EndGlobalSection
	GlobalSection(ProjectConfigurationPlatforms) = postSolution
		{C56BE524-CC22-49E2-9BFE-6C749B3DC4E0}.Development|Default.ActiveCfg = Development
		{C56BE524-CC22-49E2-9BFE-6C749B3DC4E0}.Development|Default.Build.0 = Development
	EndGlobalSection
	GlobalSection(SolutionProperties) = preSolution
		HideSolutionNode = FALSE
	EndGlobalSection
	GlobalSection(ExtensibilityGlobals) = postSolution
		SolutionGuid = {5B68092E-CA07-42A1-BD1A-8D683DC56147}
	EndGlobalSection
EndGlobal
