
Microsoft Visual Studio Solution File, Format Version 12.00
# Visual Studio 15
VisualStudioVersion = 15.0.28307.106
MinimumVisualStudioVersion = 10.0.40219.1
Project("{159641D6-6404-4A2A-AE62-294DE0FE8301}") = "LookupTransform", "LookupTransform\LookupTransform.dtproj", "{107E0ED3-7868-4B74-A4B4-3C79AE1C48A5}"
EndProject
Global
	GlobalSection(SolutionConfigurationPlatforms) = preSolution
		Development|Default = Development|Default
		test|Default = test|Default
	EndGlobalSection
	GlobalSection(ProjectConfigurationPlatforms) = postSolution
		{107E0ED3-7868-4B74-A4B4-3C79AE1C48A5}.Development|Default.ActiveCfg = Development
		{107E0ED3-7868-4B74-A4B4-3C79AE1C48A5}.Development|Default.Build.0 = Development
		{107E0ED3-7868-4B74-A4B4-3C79AE1C48A5}.test|Default.ActiveCfg = test
		{107E0ED3-7868-4B74-A4B4-3C79AE1C48A5}.test|Default.Build.0 = test
	EndGlobalSection
	GlobalSection(SolutionProperties) = preSolution
		HideSolutionNode = FALSE
	EndGlobalSection
	GlobalSection(ExtensibilityGlobals) = postSolution
		SolutionGuid = {2C73FFFD-33B7-47FC-8529-79CD52E4A358}
	EndGlobalSection
EndGlobal
