
Microsoft Visual Studio Solution File, Format Version 12.00
# Visual Studio 15
VisualStudioVersion = 15.0.28307.106
MinimumVisualStudioVersion = 10.0.40219.1
Project("{159641D6-6404-4A2A-AE62-294DE0FE8301}") = "Data Types and Conversion transformation", "Data Types and Conversion transformation\Data Types and Conversion transformation.dtproj", "{02142ADA-E690-4391-BC62-E1FDC800ECC4}"
EndProject
Global
	GlobalSection(SolutionConfigurationPlatforms) = preSolution
		Development|Default = Development|Default
	EndGlobalSection
	GlobalSection(ProjectConfigurationPlatforms) = postSolution
		{02142ADA-E690-4391-BC62-E1FDC800ECC4}.Development|Default.ActiveCfg = Development
		{02142ADA-E690-4391-BC62-E1FDC800ECC4}.Development|Default.Build.0 = Development
	EndGlobalSection
	GlobalSection(SolutionProperties) = preSolution
		HideSolutionNode = FALSE
	EndGlobalSection
	GlobalSection(ExtensibilityGlobals) = postSolution
		SolutionGuid = {B13FBA13-25DD-4FF8-9741-B7F2CEF209A5}
	EndGlobalSection
EndGlobal
