
Microsoft Visual Studio Solution File, Format Version 12.00
# Visual Studio 15
VisualStudioVersion = 15.0.28307.106
MinimumVisualStudioVersion = 10.0.40219.1
Project("{D2ABAB84-BF74-430A-B69E-9DC6D40DDA17}") = "Wise Owl DSV", "Demo1\Wise Owl DSV.dwproj", "{A80C8E25-15BF-4A2A-9CDD-AB40AE8764ED}"
EndProject
Global
	GlobalSection(SolutionConfigurationPlatforms) = preSolution
		Development|Default = Development|Default
	EndGlobalSection
	GlobalSection(ProjectConfigurationPlatforms) = postSolution
		{A80C8E25-15BF-4A2A-9CDD-AB40AE8764ED}.Development|Default.ActiveCfg = Development
		{A80C8E25-15BF-4A2A-9CDD-AB40AE8764ED}.Development|Default.Build.0 = Development
		{A80C8E25-15BF-4A2A-9CDD-AB40AE8764ED}.Development|Default.Deploy.0 = Development
	EndGlobalSection
	GlobalSection(SolutionProperties) = preSolution
		HideSolutionNode = FALSE
	EndGlobalSection
	GlobalSection(ExtensibilityGlobals) = postSolution
		SolutionGuid = {5D7FBFA2-2BFA-47B8-AB1D-7F3D4C7F4F72}
	EndGlobalSection
EndGlobal
